
Microsoft Visual Studio Solution File, Format Version 12.00
# Visual Studio Version 16
VisualStudioVersion = 16.0.30914.41
MinimumVisualStudioVersion = 10.0.40219.1
Project("{FAE04EC0-301F-11D3-BF4B-00C04F79EFBC}") = "ObjectResultExecutorTests", "ObjectResultExecutorTests\ObjectResultExecutorTests.csproj", "{81E825F2-33AC-457D-8F49-EC78826220F7}"
EndProject
Project("{FAE04EC0-301F-11D3-BF4B-00C04F79EFBC}") = "ObjectResultExecutorXunitTests", "..\ObjectResultExecutorXunitTests\ObjectResultExecutorXunitTests.csproj", "{42CF5B74-C156-455E-95F6-759CEC43AD85}"
EndProject
Global
	GlobalSection(SolutionConfigurationPlatforms) = preSolution
		Debug|Any CPU = Debug|Any CPU
		Release|Any CPU = Release|Any CPU
	EndGlobalSection
	GlobalSection(ProjectConfigurationPlatforms) = postSolution
		{81E825F2-33AC-457D-8F49-EC78826220F7}.Debug|Any CPU.ActiveCfg = Debug|Any CPU
		{81E825F2-33AC-457D-8F49-EC78826220F7}.Debug|Any CPU.Build.0 = Debug|Any CPU
		{81E825F2-33AC-457D-8F49-EC78826220F7}.Release|Any CPU.ActiveCfg = Release|Any CPU
		{81E825F2-33AC-457D-8F49-EC78826220F7}.Release|Any CPU.Build.0 = Release|Any CPU
		{42CF5B74-C156-455E-95F6-759CEC43AD85}.Debug|Any CPU.ActiveCfg = Debug|Any CPU
		{42CF5B74-C156-455E-95F6-759CEC43AD85}.Debug|Any CPU.Build.0 = Debug|Any CPU
		{42CF5B74-C156-455E-95F6-759CEC43AD85}.Release|Any CPU.ActiveCfg = Release|Any CPU
		{42CF5B74-C156-455E-95F6-759CEC43AD85}.Release|Any CPU.Build.0 = Release|Any CPU
	EndGlobalSection
	GlobalSection(SolutionProperties) = preSolution
		HideSolutionNode = FALSE
	EndGlobalSection
	GlobalSection(ExtensibilityGlobals) = postSolution
		SolutionGuid = {D6007A82-4166-4589-B54C-B3883FC9AB07}
	EndGlobalSection
EndGlobal
