
Microsoft Visual Studio Solution File, Format Version 12.00
# Visual Studio Version 16
VisualStudioVersion = 16.0.30524.135
MinimumVisualStudioVersion = 10.0.40219.1
Project("{FAE04EC0-301F-11D3-BF4B-00C04F79EFBC}") = "BookStoreAspNetCoreOData8Preview", "BookStoreAspNetCoreOData8Preview\BookStoreAspNetCoreOData8Preview.csproj", "{A6D0446C-2717-4002-8F47-12EDA5782779}"
EndProject
Global
	GlobalSection(SolutionConfigurationPlatforms) = preSolution
		Debug|Any CPU = Debug|Any CPU
		Release|Any CPU = Release|Any CPU
	EndGlobalSection
	GlobalSection(ProjectConfigurationPlatforms) = postSolution
		{A6D0446C-2717-4002-8F47-12EDA5782779}.Debug|Any CPU.ActiveCfg = Debug|Any CPU
		{A6D0446C-2717-4002-8F47-12EDA5782779}.Debug|Any CPU.Build.0 = Debug|Any CPU
		{A6D0446C-2717-4002-8F47-12EDA5782779}.Release|Any CPU.ActiveCfg = Release|Any CPU
		{A6D0446C-2717-4002-8F47-12EDA5782779}.Release|Any CPU.Build.0 = Release|Any CPU
	EndGlobalSection
	GlobalSection(SolutionProperties) = preSolution
		HideSolutionNode = FALSE
	EndGlobalSection
	GlobalSection(ExtensibilityGlobals) = postSolution
		SolutionGuid = {90A61DCC-4469-4042-B534-C37020F4A7EF}
	EndGlobalSection
EndGlobal
