
Microsoft Visual Studio Solution File, Format Version 12.00
# Visual Studio 15
VisualStudioVersion = 15.0.27703.2026
MinimumVisualStudioVersion = 10.0.40219.1
Project("{FAE04EC0-301F-11D3-BF4B-00C04F79EFBC}") = "EFCoreLinqTest", "EFCoreLinqTest\EFCoreLinqTest.csproj", "{F108C3DE-6AB6-4E8A-9310-A655E90E672A}"
EndProject
Global
	GlobalSection(SolutionConfigurationPlatforms) = preSolution
		Debug|Any CPU = Debug|Any CPU
		Release|Any CPU = Release|Any CPU
	EndGlobalSection
	GlobalSection(ProjectConfigurationPlatforms) = postSolution
		{F108C3DE-6AB6-4E8A-9310-A655E90E672A}.Debug|Any CPU.ActiveCfg = Debug|Any CPU
		{F108C3DE-6AB6-4E8A-9310-A655E90E672A}.Debug|Any CPU.Build.0 = Debug|Any CPU
		{F108C3DE-6AB6-4E8A-9310-A655E90E672A}.Release|Any CPU.ActiveCfg = Release|Any CPU
		{F108C3DE-6AB6-4E8A-9310-A655E90E672A}.Release|Any CPU.Build.0 = Release|Any CPU
	EndGlobalSection
	GlobalSection(SolutionProperties) = preSolution
		HideSolutionNode = FALSE
	EndGlobalSection
	GlobalSection(ExtensibilityGlobals) = postSolution
		SolutionGuid = {B3C35EA2-977D-43AE-816E-8D9A5B3F0B2A}
	EndGlobalSection
EndGlobal
