
Microsoft Visual Studio Solution File, Format Version 12.00
# Visual Studio Version 16
VisualStudioVersion = 16.0.30914.41
MinimumVisualStudioVersion = 10.0.40219.1
Project("{FAE04EC0-301F-11D3-BF4B-00C04F79EFBC}") = "AttributeRouting80Rc", "AttributeRouting80Rc\AttributeRouting80Rc.csproj", "{F354305E-6CF0-479F-B785-DBAD92BC3EF8}"
EndProject
Global
	GlobalSection(SolutionConfigurationPlatforms) = preSolution
		Debug|Any CPU = Debug|Any CPU
		Release|Any CPU = Release|Any CPU
	EndGlobalSection
	GlobalSection(ProjectConfigurationPlatforms) = postSolution
		{F354305E-6CF0-479F-B785-DBAD92BC3EF8}.Debug|Any CPU.ActiveCfg = Debug|Any CPU
		{F354305E-6CF0-479F-B785-DBAD92BC3EF8}.Debug|Any CPU.Build.0 = Debug|Any CPU
		{F354305E-6CF0-479F-B785-DBAD92BC3EF8}.Release|Any CPU.ActiveCfg = Release|Any CPU
		{F354305E-6CF0-479F-B785-DBAD92BC3EF8}.Release|Any CPU.Build.0 = Release|Any CPU
	EndGlobalSection
	GlobalSection(SolutionProperties) = preSolution
		HideSolutionNode = FALSE
	EndGlobalSection
	GlobalSection(ExtensibilityGlobals) = postSolution
		SolutionGuid = {F2DE4BE9-C555-4F95-BE5A-4F94BE31A2D6}
	EndGlobalSection
EndGlobal
