
Microsoft Visual Studio Solution File, Format Version 12.00
# Visual Studio Version 17
VisualStudioVersion = 17.5.33209.295
MinimumVisualStudioVersion = 10.0.40219.1
Project("{9A19103F-16F7-4668-BE54-9A1E7A4F7556}") = "ODataCustomizePayloadFormat", "ODataCustomizePayloadFormat\ODataCustomizePayloadFormat.csproj", "{3FFE08BE-B643-42C8-9549-CEB4FFD7E5F8}"
EndProject
Global
	GlobalSection(SolutionConfigurationPlatforms) = preSolution
		Debug|Any CPU = Debug|Any CPU
		Release|Any CPU = Release|Any CPU
	EndGlobalSection
	GlobalSection(ProjectConfigurationPlatforms) = postSolution
		{3FFE08BE-B643-42C8-9549-CEB4FFD7E5F8}.Debug|Any CPU.ActiveCfg = Debug|Any CPU
		{3FFE08BE-B643-42C8-9549-CEB4FFD7E5F8}.Debug|Any CPU.Build.0 = Debug|Any CPU
		{3FFE08BE-B643-42C8-9549-CEB4FFD7E5F8}.Release|Any CPU.ActiveCfg = Release|Any CPU
		{3FFE08BE-B643-42C8-9549-CEB4FFD7E5F8}.Release|Any CPU.Build.0 = Release|Any CPU
	EndGlobalSection
	GlobalSection(SolutionProperties) = preSolution
		HideSolutionNode = FALSE
	EndGlobalSection
	GlobalSection(ExtensibilityGlobals) = postSolution
		SolutionGuid = {1F5DBBE0-C54E-41B1-A8B0-F3649C229B84}
	EndGlobalSection
EndGlobal
