
Microsoft Visual Studio Solution File, Format Version 12.00
# Visual Studio Version 17
VisualStudioVersion = 17.4.32804.182
MinimumVisualStudioVersion = 10.0.40219.1
Project("{FAE04EC0-301F-11D3-BF4B-00C04F79EFBC}") = "OmitNullPropertySample", "OmitNullPropertySample\OmitNullPropertySample.csproj", "{B68806D6-1E20-4EDA-B42C-3D031A4078CB}"
EndProject
Global
	GlobalSection(SolutionConfigurationPlatforms) = preSolution
		Debug|Any CPU = Debug|Any CPU
		Release|Any CPU = Release|Any CPU
	EndGlobalSection
	GlobalSection(ProjectConfigurationPlatforms) = postSolution
		{B68806D6-1E20-4EDA-B42C-3D031A4078CB}.Debug|Any CPU.ActiveCfg = Debug|Any CPU
		{B68806D6-1E20-4EDA-B42C-3D031A4078CB}.Debug|Any CPU.Build.0 = Debug|Any CPU
		{B68806D6-1E20-4EDA-B42C-3D031A4078CB}.Release|Any CPU.ActiveCfg = Release|Any CPU
		{B68806D6-1E20-4EDA-B42C-3D031A4078CB}.Release|Any CPU.Build.0 = Release|Any CPU
	EndGlobalSection
	GlobalSection(SolutionProperties) = preSolution
		HideSolutionNode = FALSE
	EndGlobalSection
	GlobalSection(ExtensibilityGlobals) = postSolution
		SolutionGuid = {524E5E41-C108-4C87-915D-AAB458A889F2}
	EndGlobalSection
EndGlobal
