
Microsoft Visual Studio Solution File, Format Version 12.00
# Visual Studio 15
VisualStudioVersion = 15.0.27703.2042
MinimumVisualStudioVersion = 10.0.40219.1
Project("{FAE04EC0-301F-11D3-BF4B-00C04F79EFBC}") = "IoCTest", "IoCTest\IoCTest.csproj", "{CFD64C8F-9A5A-4963-A9B9-7999267A029D}"
EndProject
Global
	GlobalSection(SolutionConfigurationPlatforms) = preSolution
		Debug|Any CPU = Debug|Any CPU
		Release|Any CPU = Release|Any CPU
	EndGlobalSection
	GlobalSection(ProjectConfigurationPlatforms) = postSolution
		{CFD64C8F-9A5A-4963-A9B9-7999267A029D}.Debug|Any CPU.ActiveCfg = Debug|Any CPU
		{CFD64C8F-9A5A-4963-A9B9-7999267A029D}.Debug|Any CPU.Build.0 = Debug|Any CPU
		{CFD64C8F-9A5A-4963-A9B9-7999267A029D}.Release|Any CPU.ActiveCfg = Release|Any CPU
		{CFD64C8F-9A5A-4963-A9B9-7999267A029D}.Release|Any CPU.Build.0 = Release|Any CPU
	EndGlobalSection
	GlobalSection(SolutionProperties) = preSolution
		HideSolutionNode = FALSE
	EndGlobalSection
	GlobalSection(ExtensibilityGlobals) = postSolution
		SolutionGuid = {BF814B04-5870-4344-97B7-680173ACADF7}
	EndGlobalSection
EndGlobal
