
Microsoft Visual Studio Solution File, Format Version 12.00
# Visual Studio Version 16
VisualStudioVersion = 16.0.30021.99
MinimumVisualStudioVersion = 10.0.40219.1
Project("{FAE04EC0-301F-11D3-BF4B-00C04F79EFBC}") = "ModelBuilderTest", "ModelBuilderTest\ModelBuilderTest.csproj", "{578C4B35-0492-42C9-B1B2-6C00EC961489}"
EndProject
Global
	GlobalSection(SolutionConfigurationPlatforms) = preSolution
		Debug|Any CPU = Debug|Any CPU
		Release|Any CPU = Release|Any CPU
	EndGlobalSection
	GlobalSection(ProjectConfigurationPlatforms) = postSolution
		{578C4B35-0492-42C9-B1B2-6C00EC961489}.Debug|Any CPU.ActiveCfg = Debug|Any CPU
		{578C4B35-0492-42C9-B1B2-6C00EC961489}.Debug|Any CPU.Build.0 = Debug|Any CPU
		{578C4B35-0492-42C9-B1B2-6C00EC961489}.Release|Any CPU.ActiveCfg = Release|Any CPU
		{578C4B35-0492-42C9-B1B2-6C00EC961489}.Release|Any CPU.Build.0 = Release|Any CPU
	EndGlobalSection
	GlobalSection(SolutionProperties) = preSolution
		HideSolutionNode = FALSE
	EndGlobalSection
	GlobalSection(ExtensibilityGlobals) = postSolution
		SolutionGuid = {733836C9-5009-4B9E-86A3-F2FB8D7486BC}
	EndGlobalSection
EndGlobal
