
Microsoft Visual Studio Solution File, Format Version 12.00
# Visual Studio Version 16
VisualStudioVersion = 16.0.31410.223
MinimumVisualStudioVersion = 10.0.40219.1
Project("{FAE04EC0-301F-11D3-BF4B-00C04F79EFBC}") = "ODataApiVersion", "ODataApiVersion\ODataApiVersion.csproj", "{07ADE90C-5D5C-469E-9CD0-D6DF157260D3}"
EndProject
Global
	GlobalSection(SolutionConfigurationPlatforms) = preSolution
		Debug|Any CPU = Debug|Any CPU
		Release|Any CPU = Release|Any CPU
	EndGlobalSection
	GlobalSection(ProjectConfigurationPlatforms) = postSolution
		{07ADE90C-5D5C-469E-9CD0-D6DF157260D3}.Debug|Any CPU.ActiveCfg = Debug|Any CPU
		{07ADE90C-5D5C-469E-9CD0-D6DF157260D3}.Debug|Any CPU.Build.0 = Debug|Any CPU
		{07ADE90C-5D5C-469E-9CD0-D6DF157260D3}.Release|Any CPU.ActiveCfg = Release|Any CPU
		{07ADE90C-5D5C-469E-9CD0-D6DF157260D3}.Release|Any CPU.Build.0 = Release|Any CPU
	EndGlobalSection
	GlobalSection(SolutionProperties) = preSolution
		HideSolutionNode = FALSE
	EndGlobalSection
	GlobalSection(ExtensibilityGlobals) = postSolution
		SolutionGuid = {CE26E987-79A9-4E5C-B491-44270DC4440B}
	EndGlobalSection
EndGlobal
