
Microsoft Visual Studio Solution File, Format Version 12.00
# Visual Studio 15
VisualStudioVersion = 15.0.27703.2026
MinimumVisualStudioVersion = 10.0.40219.1
Project("{FAE04EC0-301F-11D3-BF4B-00C04F79EFBC}") = "BookStore", "BookStore\BookStore.csproj", "{33059C61-51F3-4EAB-9E7D-E11529A17DD0}"
EndProject
Global
	GlobalSection(SolutionConfigurationPlatforms) = preSolution
		Debug|Any CPU = Debug|Any CPU
		Release|Any CPU = Release|Any CPU
	EndGlobalSection
	GlobalSection(ProjectConfigurationPlatforms) = postSolution
		{33059C61-51F3-4EAB-9E7D-E11529A17DD0}.Debug|Any CPU.ActiveCfg = Debug|Any CPU
		{33059C61-51F3-4EAB-9E7D-E11529A17DD0}.Debug|Any CPU.Build.0 = Debug|Any CPU
		{33059C61-51F3-4EAB-9E7D-E11529A17DD0}.Release|Any CPU.ActiveCfg = Release|Any CPU
		{33059C61-51F3-4EAB-9E7D-E11529A17DD0}.Release|Any CPU.Build.0 = Release|Any CPU
	EndGlobalSection
	GlobalSection(SolutionProperties) = preSolution
		HideSolutionNode = FALSE
	EndGlobalSection
	GlobalSection(ExtensibilityGlobals) = postSolution
		SolutionGuid = {40E277FC-3CDA-416F-857C-BC4CF01A75A9}
	EndGlobalSection
EndGlobal
